
Microsoft Visual Studio Solution File, Format Version 12.00
# Visual Studio Version 17
VisualStudioVersion = 17.5.33530.505
MinimumVisualStudioVersion = 10.0.40219.1
Project("{FAE04EC0-301F-11D3-BF4B-00C04F79EFBC}") = "Task-7", "Task-7.csproj", "{A129CC65-7892-4CE2-A42D-899AD9DCF5E4}"
EndProject
Global
	GlobalSection(SolutionConfigurationPlatforms) = preSolution
		Debug|Any CPU = Debug|Any CPU
		Release|Any CPU = Release|Any CPU
	EndGlobalSection
	GlobalSection(ProjectConfigurationPlatforms) = postSolution
		{A129CC65-7892-4CE2-A42D-899AD9DCF5E4}.Debug|Any CPU.ActiveCfg = Debug|Any CPU
		{A129CC65-7892-4CE2-A42D-899AD9DCF5E4}.Debug|Any CPU.Build.0 = Debug|Any CPU
		{A129CC65-7892-4CE2-A42D-899AD9DCF5E4}.Release|Any CPU.ActiveCfg = Release|Any CPU
		{A129CC65-7892-4CE2-A42D-899AD9DCF5E4}.Release|Any CPU.Build.0 = Release|Any CPU
	EndGlobalSection
	GlobalSection(SolutionProperties) = preSolution
		HideSolutionNode = FALSE
	EndGlobalSection
	GlobalSection(ExtensibilityGlobals) = postSolution
		SolutionGuid = {D0D226F2-C67E-47BE-8037-4EF650A2F1B9}
	EndGlobalSection
EndGlobal
